
Microsoft Visual Studio Solution File, Format Version 12.00
# Visual Studio Version 16
VisualStudioVersion = 16.0.31025.194
MinimumVisualStudioVersion = 10.0.40219.1
Project("{FAE04EC0-301F-11D3-BF4B-00C04F79EFBC}") = "TimeManagementSystem", "TimeManagementSystem\TimeManagementSystem.csproj", "{25E3D6AF-97B4-4C44-9949-31D1E9F5C7A3}"
EndProject
Project("{FAE04EC0-301F-11D3-BF4B-00C04F79EFBC}") = "TimeManagementSystem.Data.Entities", "TimeManagementSystem.Data.Entities\TimeManagementSystem.Data.Entities.csproj", "{6A3BBE1D-7316-4974-8ADF-55470DB18CBF}"
EndProject
Project("{FAE04EC0-301F-11D3-BF4B-00C04F79EFBC}") = "TimeManagementSystem.Data.Abstraction", "TimeManagementSystem.Data.Abstraction\TimeManagementSystem.Data.Abstraction.csproj", "{72DFD1FA-1D1F-4D88-BB40-FD9FC1786480}"
EndProject
Project("{FAE04EC0-301F-11D3-BF4B-00C04F79EFBC}") = "TimeManagementSystem.Data.Implementation", "TimeManagementSystem.Data.Implementation\TimeManagementSystem.Data.Implementation.csproj", "{5A47AEE4-569C-4714-B86E-E71480CB0C52}"
EndProject
Project("{FAE04EC0-301F-11D3-BF4B-00C04F79EFBC}") = "TimeManagementSystem.BL.DTO", "TimeManagementSystem.BL.DTO\TimeManagementSystem.BL.DTO.csproj", "{BE37B4F1-6E08-411C-B333-318EB93FF08A}"
EndProject
Global
	GlobalSection(SolutionConfigurationPlatforms) = preSolution
		Debug|Any CPU = Debug|Any CPU
		Release|Any CPU = Release|Any CPU
	EndGlobalSection
	GlobalSection(ProjectConfigurationPlatforms) = postSolution
		{25E3D6AF-97B4-4C44-9949-31D1E9F5C7A3}.Debug|Any CPU.ActiveCfg = Debug|Any CPU
		{25E3D6AF-97B4-4C44-9949-31D1E9F5C7A3}.Debug|Any CPU.Build.0 = Debug|Any CPU
		{25E3D6AF-97B4-4C44-9949-31D1E9F5C7A3}.Release|Any CPU.ActiveCfg = Release|Any CPU
		{25E3D6AF-97B4-4C44-9949-31D1E9F5C7A3}.Release|Any CPU.Build.0 = Release|Any CPU
		{6A3BBE1D-7316-4974-8ADF-55470DB18CBF}.Debug|Any CPU.ActiveCfg = Debug|Any CPU
		{6A3BBE1D-7316-4974-8ADF-55470DB18CBF}.Debug|Any CPU.Build.0 = Debug|Any CPU
		{6A3BBE1D-7316-4974-8ADF-55470DB18CBF}.Release|Any CPU.ActiveCfg = Release|Any CPU
		{6A3BBE1D-7316-4974-8ADF-55470DB18CBF}.Release|Any CPU.Build.0 = Release|Any CPU
		{72DFD1FA-1D1F-4D88-BB40-FD9FC1786480}.Debug|Any CPU.ActiveCfg = Debug|Any CPU
		{72DFD1FA-1D1F-4D88-BB40-FD9FC1786480}.Debug|Any CPU.Build.0 = Debug|Any CPU
		{72DFD1FA-1D1F-4D88-BB40-FD9FC1786480}.Release|Any CPU.ActiveCfg = Release|Any CPU
		{72DFD1FA-1D1F-4D88-BB40-FD9FC1786480}.Release|Any CPU.Build.0 = Release|Any CPU
		{5A47AEE4-569C-4714-B86E-E71480CB0C52}.Debug|Any CPU.ActiveCfg = Debug|Any CPU
		{5A47AEE4-569C-4714-B86E-E71480CB0C52}.Debug|Any CPU.Build.0 = Debug|Any CPU
		{5A47AEE4-569C-4714-B86E-E71480CB0C52}.Release|Any CPU.ActiveCfg = Release|Any CPU
		{5A47AEE4-569C-4714-B86E-E71480CB0C52}.Release|Any CPU.Build.0 = Release|Any CPU
		{BE37B4F1-6E08-411C-B333-318EB93FF08A}.Debug|Any CPU.ActiveCfg = Debug|Any CPU
		{BE37B4F1-6E08-411C-B333-318EB93FF08A}.Debug|Any CPU.Build.0 = Debug|Any CPU
		{BE37B4F1-6E08-411C-B333-318EB93FF08A}.Release|Any CPU.ActiveCfg = Release|Any CPU
		{BE37B4F1-6E08-411C-B333-318EB93FF08A}.Release|Any CPU.Build.0 = Release|Any CPU
	EndGlobalSection
	GlobalSection(SolutionProperties) = preSolution
		HideSolutionNode = FALSE
	EndGlobalSection
	GlobalSection(ExtensibilityGlobals) = postSolution
		SolutionGuid = {41FCC6FF-BDB3-4C43-BA1D-53694587519E}
	EndGlobalSection
EndGlobal
